# This file is automatically @generated by Cargo.
# It is not intended for manual editing.
version = 4

[[package]]
name = "klipper-host"
version = "0.1.0"

[[package]]
name = "klipper-mcu-firmware"
version = "0.1.0"

[[package]]
name = "klipper-proto"
version = "0.1.0"

[[package]]
name = "mcu-drivers"
version = "0.1.0"

[[package]]
name = "motion"
version = "0.1.0"

[[package]]
name = "safety"
version = "0.1.0"

[[package]]
name = "thermal"
version = "0.1.0"
